
Microsoft Visual Studio Solution File, Format Version 12.00
# Visual Studio Version 16
VisualStudioVersion = 16.0.30503.244
MinimumVisualStudioVersion = 10.0.40219.1
Project("{FAE04EC0-301F-11D3-BF4B-00C04F79EFBC}") = "MoleculeGenTest", "MoleculeGenTest.csproj", "{C29E2E04-35B2-44E9-9EEF-8534D083528B}"
EndProject
Global
	GlobalSection(SolutionConfigurationPlatforms) = preSolution
		Debug|Any CPU = Debug|Any CPU
		Release|Any CPU = Release|Any CPU
	EndGlobalSection
	GlobalSection(ProjectConfigurationPlatforms) = postSolution
		{C29E2E04-35B2-44E9-9EEF-8534D083528B}.Debug|Any CPU.ActiveCfg = Debug|Any CPU
		{C29E2E04-35B2-44E9-9EEF-8534D083528B}.Debug|Any CPU.Build.0 = Debug|Any CPU
		{C29E2E04-35B2-44E9-9EEF-8534D083528B}.Release|Any CPU.ActiveCfg = Release|Any CPU
		{C29E2E04-35B2-44E9-9EEF-8534D083528B}.Release|Any CPU.Build.0 = Release|Any CPU
	EndGlobalSection
	GlobalSection(SolutionProperties) = preSolution
		HideSolutionNode = FALSE
	EndGlobalSection
	GlobalSection(ExtensibilityGlobals) = postSolution
		SolutionGuid = {23824A68-CDEA-4078-A8D1-B569FD8331D9}
	EndGlobalSection
EndGlobal
